// !$*UTF8*$!
{
	archiveVersion = 1;
	classes = {
	};
	objectVersion = 55;
	objects = {

/* Begin PBXBuildFile section */
		65B95A3C287D787300AC98A1 /* AppDelegate.swift in Sources */ = {isa = PBXBuildFile; fileRef = 65B95A3B287D787300AC98A1 /* AppDelegate.swift */; };
		65B95A3E287D787300AC98A1 /* SceneDelegate.swift in Sources */ = {isa = PBXBuildFile; fileRef = 65B95A3D287D787300AC98A1 /* SceneDelegate.swift */; };
		65B95A40287D787300AC98A1 /* ViewController.swift in Sources */ = {isa = PBXBuildFile; fileRef = 65B95A3F287D787300AC98A1 /* ViewController.swift */; };
		65B95A43287D787300AC98A1 /* Main.storyboard in Resources */ = {isa = PBXBuildFile; fileRef = 65B95A41287D787300AC98A1 /* Main.storyboard */; };
		65B95A45287D787400AC98A1 /* Assets.xcassets in Resources */ = {isa = PBXBuildFile; fileRef = 65B95A44287D787400AC98A1 /* Assets.xcassets */; };
		65B95A48287D787400AC98A1 /* LaunchScreen.storyboard in Resources */ = {isa = PBXBuildFile; fileRef = 65B95A46287D787400AC98A1 /* LaunchScreen.storyboard */; };
		65B95A50287DFABF00AC98A1 /* Constants.swift in Sources */ = {isa = PBXBuildFile; fileRef = 65B95A4F287DFABF00AC98A1 /* Constants.swift */; };
		65B95A52287E000C00AC98A1 /* ViewModel.swift in Sources */ = {isa = PBXBuildFile; fileRef = 65B95A51287E000C00AC98A1 /* ViewModel.swift */; };
		65B95A54287E003C00AC98A1 /* Quote.swift in Sources */ = {isa = PBXBuildFile; fileRef = 65B95A53287E003C00AC98A1 /* Quote.swift */; };
		65B95A5A287E009500AC98A1 /* Dynamic.swift in Sources */ = {isa = PBXBuildFile; fileRef = 65B95A59287E009500AC98A1 /* Dynamic.swift */; };
/* End PBXBuildFile section */

/* Begin PBXFileReference section */
		65B95A38287D787300AC98A1 /* TapAndGet.app */ = {isa = PBXFileReference; explicitFileType = wrapper.application; includeInIndex = 0; path = TapAndGet.app; sourceTree = BUILT_PRODUCTS_DIR; };
		65B95A3B287D787300AC98A1 /* AppDelegate.swift */ = {isa = PBXFileReference; lastKnownFileType = sourcecode.swift; path = AppDelegate.swift; sourceTree = "<group>"; };
		65B95A3D287D787300AC98A1 /* SceneDelegate.swift */ = {isa = PBXFileReference; lastKnownFileType = sourcecode.swift; path = SceneDelegate.swift; sourceTree = "<group>"; };
		65B95A3F287D787300AC98A1 /* ViewController.swift */ = {isa = PBXFileReference; lastKnownFileType = sourcecode.swift; path = ViewController.swift; sourceTree = "<group>"; };
		65B95A42287D787300AC98A1 /* Base */ = {isa = PBXFileReference; lastKnownFileType = file.storyboard; name = Base; path = Base.lproj/Main.storyboard; sourceTree = "<group>"; };
		65B95A44287D787400AC98A1 /* Assets.xcassets */ = {isa = PBXFileReference; lastKnownFileType = folder.assetcatalog; path = Assets.xcassets; sourceTree = "<group>"; };
		65B95A47287D787400AC98A1 /* Base */ = {isa = PBXFileReference; lastKnownFileType = file.storyboard; name = Base; path = Base.lproj/LaunchScreen.storyboard; sourceTree = "<group>"; };
		65B95A49287D787400AC98A1 /* Info.plist */ = {isa = PBXFileReference; lastKnownFileType = text.plist.xml; path = Info.plist; sourceTree = "<group>"; };
		65B95A4F287DFABF00AC98A1 /* Constants.swift */ = {isa = PBXFileReference; lastKnownFileType = sourcecode.swift; path = Constants.swift; sourceTree = "<group>"; };
		65B95A51287E000C00AC98A1 /* ViewModel.swift */ = {isa = PBXFileReference; lastKnownFileType = sourcecode.swift; path = ViewModel.swift; sourceTree = "<group>"; };
		65B95A53287E003C00AC98A1 /* Quote.swift */ = {isa = PBXFileReference; lastKnownFileType = sourcecode.swift; path = Quote.swift; sourceTree = "<group>"; };
		65B95A59287E009500AC98A1 /* Dynamic.swift */ = {isa = PBXFileReference; lastKnownFileType = sourcecode.swift; path = Dynamic.swift; sourceTree = "<group>"; };
/* End PBXFileReference section */

/* Begin PBXFrameworksBuildPhase section */
		65B95A35287D787300AC98A1 /* Frameworks */ = {
			isa = PBXFrameworksBuildPhase;
			buildActionMask = 2147483647;
			files = (
			);
			runOnlyForDeploymentPostprocessing = 0;
		};
/* End PBXFrameworksBuildPhase section */

/* Begin PBXGroup section */
		65B95A2F287D787300AC98A1 = {
			isa = PBXGroup;
			children = (
				65B95A3A287D787300AC98A1 /* TapAndGet */,
				65B95A39287D787300AC98A1 /* Products */,
			);
			sourceTree = "<group>";
		};
		65B95A39287D787300AC98A1 /* Products */ = {
			isa = PBXGroup;
			children = (
				65B95A38287D787300AC98A1 /* TapAndGet.app */,
			);
			name = Products;
			sourceTree = "<group>";
		};
		65B95A3A287D787300AC98A1 /* TapAndGet */ = {
			isa = PBXGroup;
			children = (
				65B95A3B287D787300AC98A1 /* AppDelegate.swift */,
				65B95A3D287D787300AC98A1 /* SceneDelegate.swift */,
				65B95A4F287DFABF00AC98A1 /* Constants.swift */,
				65B95A55287E004700AC98A1 /* Models */,
				65B95A57287E005B00AC98A1 /* Views */,
				65B95A56287E005100AC98A1 /* ViewModels */,
				65B95A44287D787400AC98A1 /* Assets.xcassets */,
				65B95A49287D787400AC98A1 /* Info.plist */,
			);
			path = TapAndGet;
			sourceTree = "<group>";
		};
		65B95A55287E004700AC98A1 /* Models */ = {
			isa = PBXGroup;
			children = (
				65B95A53287E003C00AC98A1 /* Quote.swift */,
			);
			path = Models;
			sourceTree = "<group>";
		};
		65B95A56287E005100AC98A1 /* ViewModels */ = {
			isa = PBXGroup;
			children = (
				65B95A5B287E00D000AC98A1 /* Binding */,
				65B95A51287E000C00AC98A1 /* ViewModel.swift */,
			);
			path = ViewModels;
			sourceTree = "<group>";
		};
		65B95A57287E005B00AC98A1 /* Views */ = {
			isa = PBXGroup;
			children = (
				65B95A58287E006500AC98A1 /* Storyboards */,
				65B95A3F287D787300AC98A1 /* ViewController.swift */,
			);
			path = Views;
			sourceTree = "<group>";
		};
		65B95A58287E006500AC98A1 /* Storyboards */ = {
			isa = PBXGroup;
			children = (
				65B95A41287D787300AC98A1 /* Main.storyboard */,
				65B95A46287D787400AC98A1 /* LaunchScreen.storyboard */,
			);
			path = Storyboards;
			sourceTree = "<group>";
		};
		65B95A5B287E00D000AC98A1 /* Binding */ = {
			isa = PBXGroup;
			children = (
				65B95A59287E009500AC98A1 /* Dynamic.swift */,
			);
			path = Binding;
			sourceTree = "<group>";
		};
/* End PBXGroup section */

/* Begin PBXNativeTarget section */
		65B95A37287D787300AC98A1 /* TapAndGet */ = {
			isa = PBXNativeTarget;
			buildConfigurationList = 65B95A4C287D787400AC98A1 /* Build configuration list for PBXNativeTarget "TapAndGet" */;
			buildPhases = (
				65B95A34287D787300AC98A1 /* Sources */,
				65B95A35287D787300AC98A1 /* Frameworks */,
				65B95A36287D787300AC98A1 /* Resources */,
			);
			buildRules = (
			);
			dependencies = (
			);
			name = TapAndGet;
			productName = TapAndGet;
			productReference = 65B95A38287D787300AC98A1 /* TapAndGet.app */;
			productType = "com.apple.product-type.application";
		};
/* End PBXNativeTarget section */

/* Begin PBXProject section */
		65B95A30287D787300AC98A1 /* Project object */ = {
			isa = PBXProject;
			attributes = {
				BuildIndependentTargetsInParallel = 1;
				LastSwiftUpdateCheck = 1340;
				LastUpgradeCheck = 1340;
				TargetAttributes = {
					65B95A37287D787300AC98A1 = {
						CreatedOnToolsVersion = 13.4.1;
					};
				};
			};
			buildConfigurationList = 65B95A33287D787300AC98A1 /* Build configuration list for PBXProject "TapAndGet" */;
			compatibilityVersion = "Xcode 13.0";
			developmentRegion = en;
			hasScannedForEncodings = 0;
			knownRegions = (
				en,
				Base,
			);
			mainGroup = 65B95A2F287D787300AC98A1;
			productRefGroup = 65B95A39287D787300AC98A1 /* Products */;
			projectDirPath = "";
			projectRoot = "";
			targets = (
				65B95A37287D787300AC98A1 /* TapAndGet */,
			);
		};
/* End PBXProject section */

/* Begin PBXResourcesBuildPhase section */
		65B95A36287D787300AC98A1 /* Resources */ = {
			isa = PBXResourcesBuildPhase;
			buildActionMask = 2147483647;
			files = (
				65B95A48287D787400AC98A1 /* LaunchScreen.storyboard in Resources */,
				65B95A45287D787400AC98A1 /* Assets.xcassets in Resources */,
				65B95A43287D787300AC98A1 /* Main.storyboard in Resources */,
			);
			runOnlyForDeploymentPostprocessing = 0;
		};
/* End PBXResourcesBuildPhase section */

/* Begin PBXSourcesBuildPhase section */
		65B95A34287D787300AC98A1 /* Sources */ = {
			isa = PBXSourcesBuildPhase;
			buildActionMask = 2147483647;
			files = (
				65B95A52287E000C00AC98A1 /* ViewModel.swift in Sources */,
				65B95A40287D787300AC98A1 /* ViewController.swift in Sources */,
				65B95A3C287D787300AC98A1 /* AppDelegate.swift in Sources */,
				65B95A5A287E009500AC98A1 /* Dynamic.swift in Sources */,
				65B95A3E287D787300AC98A1 /* SceneDelegate.swift in Sources */,
				65B95A54287E003C00AC98A1 /* Quote.swift in Sources */,
				65B95A50287DFABF00AC98A1 /* Constants.swift in Sources */,
			);
			runOnlyForDeploymentPostprocessing = 0;
		};
/* End PBXSourcesBuildPhase section */

/* Begin PBXVariantGroup section */
		65B95A41287D787300AC98A1 /* Main.storyboard */ = {
			isa = PBXVariantGroup;
			children = (
				65B95A42287D787300AC98A1 /* Base */,
			);
			name = Main.storyboard;
			sourceTree = "<group>";
		};
		65B95A46287D787400AC98A1 /* LaunchScreen.storyboard */ = {
			isa = PBXVariantGroup;
			children = (
				65B95A47287D787400AC98A1 /* Base */,
			);
			name = LaunchScreen.storyboard;
			sourceTree = "<group>";
		};
/* End PBXVariantGroup section */

/* Begin XCBuildConfiguration section */
		65B95A4A287D787400AC98A1 /* Debug */ = {
			isa = XCBuildConfiguration;
			buildSettings = {
				ALWAYS_SEARCH_USER_PATHS = NO;
				CLANG_ANALYZER_NONNULL = YES;
				CLANG_ANALYZER_NUMBER_OBJECT_CONVERSION = YES_AGGRESSIVE;
				CLANG_CXX_LANGUAGE_STANDARD = "gnu++17";
				CLANG_ENABLE_MODULES = YES;
				CLANG_ENABLE_OBJC_ARC = YES;
				CLANG_ENABLE_OBJC_WEAK = YES;
				CLANG_WARN_BLOCK_CAPTURE_AUTORELEASING = YES;
				CLANG_WARN_BOOL_CONVERSION = YES;
				CLANG_WARN_COMMA = YES;
				CLANG_WARN_CONSTANT_CONVERSION = YES;
				CLANG_WARN_DEPRECATED_OBJC_IMPLEMENTATIONS = YES;
				CLANG_WARN_DIRECT_OBJC_ISA_USAGE = YES_ERROR;
				CLANG_WARN_DOCUMENTATION_COMMENTS = YES;
				CLANG_WARN_EMPTY_BODY = YES;
				CLANG_WARN_ENUM_CONVERSION = YES;
				CLANG_WARN_INFINITE_RECURSION = YES;
				CLANG_WARN_INT_CONVERSION = YES;
				CLANG_WARN_NON_LITERAL_NULL_CONVERSION = YES;
				CLANG_WARN_OBJC_IMPLICIT_RETAIN_SELF = YES;
				CLANG_WARN_OBJC_LITERAL_CONVERSION = YES;
				CLANG_WARN_OBJC_ROOT_CLASS = YES_ERROR;
				CLANG_WARN_QUOTED_INCLUDE_IN_FRAMEWORK_HEADER = YES;
				CLANG_WARN_RANGE_LOOP_ANALYSIS = YES;
				CLANG_WARN_STRICT_PROTOTYPES = YES;
				CLANG_WARN_SUSPICIOUS_MOVE = YES;
				CLANG_WARN_UNGUARDED_AVAILABILITY = YES_AGGRESSIVE;
				CLANG_WARN_UNREACHABLE_CODE = YES;
				CLANG_WARN__DUPLICATE_METHOD_MATCH = YES;
				COPY_PHASE_STRIP = NO;
				DEBUG_INFORMATION_FORMAT = dwarf;
				ENABLE_STRICT_OBJC_MSGSEND = YES;
				ENABLE_TESTABILITY = YES;
				GCC_C_LANGUAGE_STANDARD = gnu11;
				GCC_DYNAMIC_NO_PIC = NO;
				GCC_NO_COMMON_BLOCKS = YES;
				GCC_OPTIMIZATION_LEVEL = 0;
				GCC_PREPROCESSOR_DEFINITIONS = (
					"DEBUG=1",
					"$(inherited)",
				);
				GCC_WARN_64_TO_32_BIT_CONVERSION = YES;
				GCC_WARN_ABOUT_RETURN_TYPE = YES_ERROR;
				GCC_WARN_UNDECLARED_SELECTOR = YES;
				GCC_WARN_UNINITIALIZED_AUTOS = YES_AGGRESSIVE;
				GCC_WARN_UNUSED_FUNCTION = YES;
				GCC_WARN_UNUSED_VARIABLE = YES;
				IPHONEOS_DEPLOYMENT_TARGET = 15.5;
				MTL_ENABLE_DEBUG_INFO = INCLUDE_SOURCE;
				MTL_FAST_MATH = YES;
				ONLY_ACTIVE_ARCH = YES;
				SDKROOT = iphoneos;
				SWIFT_ACTIVE_COMPILATION_CONDITIONS = DEBUG;
				SWIFT_OPTIMIZATION_LEVEL = "-Onone";
			};
			name = Debug;
		};
		65B95A4B287D787400AC98A1 /* Release */ = {
			isa = XCBuildConfiguration;
			buildSettings = {
				ALWAYS_SEARCH_USER_PATHS = NO;
				CLANG_ANALYZER_NONNULL = YES;
				CLANG_ANALYZER_NUMBER_OBJECT_CONVERSION = YES_AGGRESSIVE;
				CLANG_CXX_LANGUAGE_STANDARD = "gnu++17";
				CLANG_ENABLE_MODULES = YES;
				CLANG_ENABLE_OBJC_ARC = YES;
				CLANG_ENABLE_OBJC_WEAK = YES;
				CLANG_WARN_BLOCK_CAPTURE_AUTORELEASING = YES;
				CLANG_WARN_BOOL_CONVERSION = YES;
				CLANG_WARN_COMMA = YES;
				CLANG_WARN_CONSTANT_CONVERSION = YES;
				CLANG_WARN_DEPRECATED_OBJC_IMPLEMENTATIONS = YES;
				CLANG_WARN_DIRECT_OBJC_ISA_USAGE = YES_ERROR;
				CLANG_WARN_DOCUMENTATION_COMMENTS = YES;
				CLANG_WARN_EMPTY_BODY = YES;
				CLANG_WARN_ENUM_CONVERSION = YES;
				CLANG_WARN_INFINITE_RECURSION = YES;
				CLANG_WARN_INT_CONVERSION = YES;
				CLANG_WARN_NON_LITERAL_NULL_CONVERSION = YES;
				CLANG_WARN_OBJC_IMPLICIT_RETAIN_SELF = YES;
				CLANG_WARN_OBJC_LITERAL_CONVERSION = YES;
				CLANG_WARN_OBJC_ROOT_CLASS = YES_ERROR;
				CLANG_WARN_QUOTED_INCLUDE_IN_FRAMEWORK_HEADER = YES;
				CLANG_WARN_RANGE_LOOP_ANALYSIS = YES;
				CLANG_WARN_STRICT_PROTOTYPES = YES;
				CLANG_WARN_SUSPICIOUS_MOVE = YES;
				CLANG_WARN_UNGUARDED_AVAILABILITY = YES_AGGRESSIVE;
				CLANG_WARN_UNREACHABLE_CODE = YES;
				CLANG_WARN__DUPLICATE_METHOD_MATCH = YES;
				COPY_PHASE_STRIP = NO;
				DEBUG_INFORMATION_FORMAT = "dwarf-with-dsym";
				ENABLE_NS_ASSERTIONS = NO;
				ENABLE_STRICT_OBJC_MSGSEND = YES;
				GCC_C_LANGUAGE_STANDARD = gnu11;
				GCC_NO_COMMON_BLOCKS = YES;
				GCC_WARN_64_TO_32_BIT_CONVERSION = YES;
				GCC_WARN_ABOUT_RETURN_TYPE = YES_ERROR;
				GCC_WARN_UNDECLARED_SELECTOR = YES;
				GCC_WARN_UNINITIALIZED_AUTOS = YES_AGGRESSIVE;
				GCC_WARN_UNUSED_FUNCTION = YES;
				GCC_WARN_UNUSED_VARIABLE = YES;
				IPHONEOS_DEPLOYMENT_TARGET = 15.5;
				MTL_ENABLE_DEBUG_INFO = NO;
				MTL_FAST_MATH = YES;
				SDKROOT = iphoneos;
				SWIFT_COMPILATION_MODE = wholemodule;
				SWIFT_OPTIMIZATION_LEVEL = "-O";
				VALIDATE_PRODUCT = YES;
			};
			name = Release;
		};
		65B95A4D287D787400AC98A1 /* Debug */ = {
			isa = XCBuildConfiguration;
			buildSettings = {
				ASSETCATALOG_COMPILER_APPICON_NAME = AppIcon;
				ASSETCATALOG_COMPILER_GLOBAL_ACCENT_COLOR_NAME = AccentColor;
				CODE_SIGN_STYLE = Automatic;
				CURRENT_PROJECT_VERSION = 1;
				DEVELOPMENT_TEAM = 9D3QPUYX6Q;
				GENERATE_INFOPLIST_FILE = YES;
				INFOPLIST_FILE = TapAndGet/Info.plist;
				INFOPLIST_KEY_UIApplicationSupportsIndirectInputEvents = YES;
				INFOPLIST_KEY_UILaunchStoryboardName = LaunchScreen;
				INFOPLIST_KEY_UIMainStoryboardFile = Main;
				INFOPLIST_KEY_UISupportedInterfaceOrientations_iPad = "UIInterfaceOrientationPortrait UIInterfaceOrientationPortraitUpsideDown UIInterfaceOrientationLandscapeLeft UIInterfaceOrientationLandscapeRight";
				INFOPLIST_KEY_UISupportedInterfaceOrientations_iPhone = "UIInterfaceOrientationPortrait UIInterfaceOrientationLandscapeLeft UIInterfaceOrientationLandscapeRight";
				LD_RUNPATH_SEARCH_PATHS = (
					"$(inherited)",
					"@executable_path/Frameworks",
				);
				MARKETING_VERSION = 1.0;
				PRODUCT_BUNDLE_IDENTIFIER = com.danieltvorun.TapAndGet;
				PRODUCT_NAME = "$(TARGET_NAME)";
				SWIFT_EMIT_LOC_STRINGS = YES;
				SWIFT_VERSION = 5.0;
				TARGETED_DEVICE_FAMILY = 1;
			};
			name = Debug;
		};
		65B95A4E287D787400AC98A1 /* Release */ = {
			isa = XCBuildConfiguration;
			buildSettings = {
				ASSETCATALOG_COMPILER_APPICON_NAME = AppIcon;
				ASSETCATALOG_COMPILER_GLOBAL_ACCENT_COLOR_NAME = AccentColor;
				CODE_SIGN_STYLE = Automatic;
				CURRENT_PROJECT_VERSION = 1;
				DEVELOPMENT_TEAM = 9D3QPUYX6Q;
				GENERATE_INFOPLIST_FILE = YES;
				INFOPLIST_FILE = TapAndGet/Info.plist;
				INFOPLIST_KEY_UIApplicationSupportsIndirectInputEvents = YES;
				INFOPLIST_KEY_UILaunchStoryboardName = LaunchScreen;
				INFOPLIST_KEY_UIMainStoryboardFile = Main;
				INFOPLIST_KEY_UISupportedInterfaceOrientations_iPad = "UIInterfaceOrientationPortrait UIInterfaceOrientationPortraitUpsideDown UIInterfaceOrientationLandscapeLeft UIInterfaceOrientationLandscapeRight";
				INFOPLIST_KEY_UISupportedInterfaceOrientations_iPhone = "UIInterfaceOrientationPortrait UIInterfaceOrientationLandscapeLeft UIInterfaceOrientationLandscapeRight";
				LD_RUNPATH_SEARCH_PATHS = (
					"$(inherited)",
					"@executable_path/Frameworks",
				);
				MARKETING_VERSION = 1.0;
				PRODUCT_BUNDLE_IDENTIFIER = com.danieltvorun.TapAndGet;
				PRODUCT_NAME = "$(TARGET_NAME)";
				SWIFT_EMIT_LOC_STRINGS = YES;
				SWIFT_VERSION = 5.0;
				TARGETED_DEVICE_FAMILY = 1;
			};
			name = Release;
		};
/* End XCBuildConfiguration section */

/* Begin XCConfigurationList section */
		65B95A33287D787300AC98A1 /* Build configuration list for PBXProject "TapAndGet" */ = {
			isa = XCConfigurationList;
			buildConfigurations = (
				65B95A4A287D787400AC98A1 /* Debug */,
				65B95A4B287D787400AC98A1 /* Release */,
			);
			defaultConfigurationIsVisible = 0;
			defaultConfigurationName = Release;
		};
		65B95A4C287D787400AC98A1 /* Build configuration list for PBXNativeTarget "TapAndGet" */ = {
			isa = XCConfigurationList;
			buildConfigurations = (
				65B95A4D287D787400AC98A1 /* Debug */,
				65B95A4E287D787400AC98A1 /* Release */,
			);
			defaultConfigurationIsVisible = 0;
			defaultConfigurationName = Release;
		};
/* End XCConfigurationList section */
	};
	rootObject = 65B95A30287D787300AC98A1 /* Project object */;
}
